
Microsoft Visual Studio Solution File, Format Version 12.00
# Visual Studio 14
VisualStudioVersion = 14.0.25123.0
MinimumVisualStudioVersion = 10.0.40219.1
Project("{FAE04EC0-301F-11D3-BF4B-00C04F79EFBC}") = "PokemonGo.RocketAPI", "PokemonGo.RocketAPI\PokemonGo.RocketAPI.csproj", "{05D2DA44-1B8E-4CF7-94ED-4D52451CD095}"
EndProject
Project("{FAE04EC0-301F-11D3-BF4B-00C04F79EFBC}") = "Website", "Website\Website.csproj", "{87D39B5C-B130-4DDC-8119-821116E727B2}"
EndProject
Project("{2150E333-8FDC-42A3-9474-1A3956D46DE8}") = "Solution Items", "Solution Items", "{B8B0E7C6-4E58-44C8-8707-1E56939A527D}"
	ProjectSection(SolutionItems) = preProject
		Resources\encrypt.dll = Resources\encrypt.dll
		Resources\POGOProtos.dll = Resources\POGOProtos.dll
	EndProjectSection
EndProject
Global
	GlobalSection(SolutionConfigurationPlatforms) = preSolution
		Debug|Any CPU = Debug|Any CPU
		Debug|x86 = Debug|x86
		Release|Any CPU = Release|Any CPU
		Release|x86 = Release|x86
	EndGlobalSection
	GlobalSection(ProjectConfigurationPlatforms) = postSolution
		{05D2DA44-1B8E-4CF7-94ED-4D52451CD095}.Debug|Any CPU.ActiveCfg = Debug|Any CPU
		{05D2DA44-1B8E-4CF7-94ED-4D52451CD095}.Debug|Any CPU.Build.0 = Debug|Any CPU
		{05D2DA44-1B8E-4CF7-94ED-4D52451CD095}.Debug|x86.ActiveCfg = Debug|x86
		{05D2DA44-1B8E-4CF7-94ED-4D52451CD095}.Debug|x86.Build.0 = Debug|x86
		{05D2DA44-1B8E-4CF7-94ED-4D52451CD095}.Release|Any CPU.ActiveCfg = Release|Any CPU
		{05D2DA44-1B8E-4CF7-94ED-4D52451CD095}.Release|Any CPU.Build.0 = Release|Any CPU
		{05D2DA44-1B8E-4CF7-94ED-4D52451CD095}.Release|x86.ActiveCfg = Release|x86
		{05D2DA44-1B8E-4CF7-94ED-4D52451CD095}.Release|x86.Build.0 = Release|x86
		{87D39B5C-B130-4DDC-8119-821116E727B2}.Debug|Any CPU.ActiveCfg = Debug|Any CPU
		{87D39B5C-B130-4DDC-8119-821116E727B2}.Debug|Any CPU.Build.0 = Debug|Any CPU
		{87D39B5C-B130-4DDC-8119-821116E727B2}.Debug|x86.ActiveCfg = Debug|Any CPU
		{87D39B5C-B130-4DDC-8119-821116E727B2}.Debug|x86.Build.0 = Debug|Any CPU
		{87D39B5C-B130-4DDC-8119-821116E727B2}.Release|Any CPU.ActiveCfg = Release|Any CPU
		{87D39B5C-B130-4DDC-8119-821116E727B2}.Release|Any CPU.Build.0 = Release|Any CPU
		{87D39B5C-B130-4DDC-8119-821116E727B2}.Release|x86.ActiveCfg = Release|Any CPU
		{87D39B5C-B130-4DDC-8119-821116E727B2}.Release|x86.Build.0 = Release|Any CPU
	EndGlobalSection
	GlobalSection(SolutionProperties) = preSolution
		HideSolutionNode = FALSE
	EndGlobalSection
EndGlobal
